
Microsoft Visual Studio Solution File, Format Version 12.00
# Visual Studio Version 17
VisualStudioVersion = 17.1.32210.238
MinimumVisualStudioVersion = 10.0.40219.1
Project("{FAE04EC0-301F-11D3-BF4B-00C04F79EFBC}") = "TurkishSynonyms", "TurkishSynonyms.csproj", "{428A4E5C-0BB2-43CC-A100-8116B1471D2D}"
EndProject
Global
	GlobalSection(SolutionConfigurationPlatforms) = preSolution
		Debug|Any CPU = Debug|Any CPU
		Release|Any CPU = Release|Any CPU
	EndGlobalSection
	GlobalSection(ProjectConfigurationPlatforms) = postSolution
		{428A4E5C-0BB2-43CC-A100-8116B1471D2D}.Debug|Any CPU.ActiveCfg = Debug|Any CPU
		{428A4E5C-0BB2-43CC-A100-8116B1471D2D}.Debug|Any CPU.Build.0 = Debug|Any CPU
		{428A4E5C-0BB2-43CC-A100-8116B1471D2D}.Release|Any CPU.ActiveCfg = Release|Any CPU
		{428A4E5C-0BB2-43CC-A100-8116B1471D2D}.Release|Any CPU.Build.0 = Release|Any CPU
	EndGlobalSection
	GlobalSection(SolutionProperties) = preSolution
		HideSolutionNode = FALSE
	EndGlobalSection
	GlobalSection(ExtensibilityGlobals) = postSolution
		SolutionGuid = {F35E286F-7B71-4DB0-B7E3-709A09ADD37E}
	EndGlobalSection
EndGlobal
